<?xml version="1.0" encoding="utf-8"?>
<Project ToolsVersion="4.0" xmlns="http://schemas.microsoft.com/developer/msbuild/2003">
<ItemGroup>
<None Include="C:\jai\modules\Atomics.jai" >
  <Filter>modules</Filter>
</None>
<None Include="C:\jai\modules\Basic\Apollo_Time.jai" >
  <Filter>modules\Basic</Filter>
</None>
<None Include="C:\jai\modules\Basic\Array.jai" >
  <Filter>modules\Basic</Filter>
</None>
<None Include="C:\jai\modules\Basic\Int128.jai" >
  <Filter>modules\Basic</Filter>
</None>
<None Include="C:\jai\modules\Basic\Print.jai" >
  <Filter>modules\Basic</Filter>
</None>
<None Include="C:\jai\modules\Basic\Simple_String.jai" >
  <Filter>modules\Basic</Filter>
</None>
<None Include="C:\jai\modules\Basic\String_Builder.jai" >
  <Filter>modules\Basic</Filter>
</None>
<None Include="C:\jai\modules\Basic\float_to_string.jai" >
  <Filter>modules\Basic</Filter>
</None>
<None Include="C:\jai\modules\Basic\module.jai" >
  <Filter>modules\Basic</Filter>
</None>
<None Include="C:\jai\modules\Basic\string_to_float.jai" >
  <Filter>modules\Basic</Filter>
</None>
<None Include="C:\jai\modules\Basic\windows.jai" >
  <Filter>modules\Basic</Filter>
</None>
<None Include="C:\jai\modules\Bit_Operations.jai" >
  <Filter>modules</Filter>
</None>
<None Include="C:\jai\modules\Bucket_Array.jai" >
  <Filter>modules</Filter>
</None>
<None Include="C:\jai\modules\Clipboard\Clipboard.jai" >
  <Filter>modules\Clipboard</Filter>
</None>
<None Include="C:\jai\modules\Clipboard\module.jai" >
  <Filter>modules\Clipboard</Filter>
</None>
<None Include="C:\jai\modules\Command_Line.jai" >
  <Filter>modules</Filter>
</None>
<None Include="C:\jai\modules\Compiler\Compiler.jai" >
  <Filter>modules\Compiler</Filter>
</None>
<None Include="C:\jai\modules\Compiler\module.jai" >
  <Filter>modules\Compiler</Filter>
</None>
<None Include="C:\jai\modules\Default_Allocator\module.jai" >
  <Filter>modules\Default_Allocator</Filter>
</None>
<None Include="C:\jai\modules\File\module.jai" >
  <Filter>modules\File</Filter>
</None>
<None Include="C:\jai\modules\File\windows.jai" >
  <Filter>modules\File</Filter>
</None>
<None Include="C:\jai\modules\GL\GL.jai" >
  <Filter>modules\GL</Filter>
</None>
<None Include="C:\jai\modules\GL\glad_core.jai" >
  <Filter>modules\GL</Filter>
</None>
<None Include="C:\jai\modules\GL\module.jai" >
  <Filter>modules\GL</Filter>
</None>
<None Include="C:\jai\modules\Gamepad\Gamepad.jai" >
  <Filter>modules\Gamepad</Filter>
</None>
<None Include="C:\jai\modules\Gamepad\Xinput.jai" >
  <Filter>modules\Gamepad</Filter>
</None>
<None Include="C:\jai\modules\Gamepad\module.jai" >
  <Filter>modules\Gamepad</Filter>
</None>
<None Include="C:\jai\modules\GetRect\module.jai" >
  <Filter>modules\GetRect</Filter>
</None>
<None Include="C:\jai\modules\GetRect\system\active_widgets.jai" >
  <Filter>modules\GetRect\system</Filter>
</None>
<None Include="C:\jai\modules\GetRect\system\occlusion.jai" >
  <Filter>modules\GetRect\system</Filter>
</None>
<None Include="C:\jai\modules\GetRect\system\pointer_image.jai" >
  <Filter>modules\GetRect\system</Filter>
</None>
<None Include="C:\jai\modules\GetRect\system\popups.jai" >
  <Filter>modules\GetRect\system</Filter>
</None>
<None Include="C:\jai\modules\GetRect\system\state.jai" >
  <Filter>modules\GetRect\system</Filter>
</None>
<None Include="C:\jai\modules\GetRect\system\system.jai" >
  <Filter>modules\GetRect\system</Filter>
</None>
<None Include="C:\jai\modules\GetRect\system\themes.jai" >
  <Filter>modules\GetRect\system</Filter>
</None>
<None Include="C:\jai\modules\GetRect\system\tooltips.jai" >
  <Filter>modules\GetRect\system</Filter>
</None>
<None Include="C:\jai\modules\GetRect\widgets\button.jai" >
  <Filter>modules\GetRect\widgets</Filter>
</None>
<None Include="C:\jai\modules\GetRect\widgets\checkbox.jai" >
  <Filter>modules\GetRect\widgets</Filter>
</None>
<None Include="C:\jai\modules\GetRect\widgets\color_animation_editor.jai" >
  <Filter>modules\GetRect\widgets</Filter>
</None>
<None Include="C:\jai\modules\GetRect\widgets\color_picker.jai" >
  <Filter>modules\GetRect\widgets</Filter>
</None>
<None Include="C:\jai\modules\GetRect\widgets\dropdown.jai" >
  <Filter>modules\GetRect\widgets</Filter>
</None>
<None Include="C:\jai\modules\GetRect\widgets\label.jai" >
  <Filter>modules\GetRect\widgets</Filter>
</None>
<None Include="C:\jai\modules\GetRect\widgets\number_input.jai" >
  <Filter>modules\GetRect\widgets</Filter>
</None>
<None Include="C:\jai\modules\GetRect\widgets\scrollable_region.jai" >
  <Filter>modules\GetRect\widgets</Filter>
</None>
<None Include="C:\jai\modules\GetRect\widgets\slidable_region.jai" >
  <Filter>modules\GetRect\widgets</Filter>
</None>
<None Include="C:\jai\modules\GetRect\widgets\slider.jai" >
  <Filter>modules\GetRect\widgets</Filter>
</None>
<None Include="C:\jai\modules\GetRect\widgets\subwindow.jai" >
  <Filter>modules\GetRect\widgets</Filter>
</None>
<None Include="C:\jai\modules\GetRect\widgets\text_input.jai" >
  <Filter>modules\GetRect\widgets</Filter>
</None>
<None Include="C:\jai\modules\GetRect\widgets\widgets.jai" >
  <Filter>modules\GetRect\widgets</Filter>
</None>
<None Include="C:\jai\modules\Hash.jai" >
  <Filter>modules</Filter>
</None>
<None Include="C:\jai\modules\Hash_Table.jai" >
  <Filter>modules</Filter>
</None>
<None Include="C:\jai\modules\Input\module.jai" >
  <Filter>modules\Input</Filter>
</None>
<None Include="C:\jai\modules\Input\windows.jai" >
  <Filter>modules\Input</Filter>
</None>
<None Include="C:\jai\modules\Keymap\module.jai" >
  <Filter>modules\Keymap</Filter>
</None>
<None Include="C:\jai\modules\Math\cephes.jai" >
  <Filter>modules\Math</Filter>
</None>
<None Include="C:\jai\modules\Math\matrix.jai" >
  <Filter>modules\Math</Filter>
</None>
<None Include="C:\jai\modules\Math\module.jai" >
  <Filter>modules\Math</Filter>
</None>
<None Include="C:\jai\modules\Math\plane.jai" >
  <Filter>modules\Math</Filter>
</None>
<None Include="C:\jai\modules\Math\print.jai" >
  <Filter>modules\Math</Filter>
</None>
<None Include="C:\jai\modules\Pool.jai" >
  <Filter>modules</Filter>
</None>
<None Include="C:\jai\modules\Preload.jai" >
  <Filter>modules</Filter>
</None>
<None Include="C:\jai\modules\Reflection.jai" >
  <Filter>modules</Filter>
</None>
<None Include="C:\jai\modules\Runtime_Support.jai" >
  <Filter>modules</Filter>
</None>
<None Include="C:\jai\modules\Runtime_Support_Crash_Handler.jai" >
  <Filter>modules</Filter>
</None>
<None Include="C:\jai\modules\Simp\backend\gl.jai" >
  <Filter>modules\Simp\backend</Filter>
</None>
<None Include="C:\jai\modules\Simp\backend\gl_screenshot.jai" >
  <Filter>modules\Simp\backend</Filter>
</None>
<None Include="C:\jai\modules\Simp\bitmap.jai" >
  <Filter>modules\Simp</Filter>
</None>
<None Include="C:\jai\modules\Simp\font.jai" >
  <Filter>modules\Simp</Filter>
</None>
<None Include="C:\jai\modules\Simp\immediate.jai" >
  <Filter>modules\Simp</Filter>
</None>
<None Include="C:\jai\modules\Simp\module.jai" >
  <Filter>modules\Simp</Filter>
</None>
<None Include="C:\jai\modules\Simp\shader.jai" >
  <Filter>modules\Simp</Filter>
</None>
<None Include="C:\jai\modules\Simp\texture.jai" >
  <Filter>modules\Simp</Filter>
</None>
<None Include="C:\jai\modules\Simp\texture_format.jai" >
  <Filter>modules\Simp</Filter>
</None>
<None Include="C:\jai\modules\Sort.jai" >
  <Filter>modules</Filter>
</None>
<None Include="C:\jai\modules\String\module.jai" >
  <Filter>modules\String</Filter>
</None>
<None Include="C:\jai\modules\System.jai" >
  <Filter>modules</Filter>
</None>
<None Include="C:\jai\modules\Text_File_Handler\module.jai" >
  <Filter>modules\Text_File_Handler</Filter>
</None>
<None Include="C:\jai\modules\Thread\module.jai" >
  <Filter>modules\Thread</Filter>
</None>
<None Include="C:\jai\modules\Thread\primitives.jai" >
  <Filter>modules\Thread</Filter>
</None>
<None Include="C:\jai\modules\Thread\thread_group.jai" >
  <Filter>modules\Thread</Filter>
</None>
<None Include="C:\jai\modules\Unicode.jai" >
  <Filter>modules</Filter>
</None>
<None Include="C:\jai\modules\Window_Creation\module.jai" >
  <Filter>modules\Window_Creation</Filter>
</None>
<None Include="C:\jai\modules\Window_Creation\windows.jai" >
  <Filter>modules\Window_Creation</Filter>
</None>
<None Include="C:\jai\modules\Window_Type.jai" >
  <Filter>modules</Filter>
</None>
<None Include="C:\jai\modules\Windows.jai" >
  <Filter>modules</Filter>
</None>
<None Include="C:\jai\modules\Windows_Utf8.jai" >
  <Filter>modules</Filter>
</None>
<None Include="C:\jai\modules\\..\editor_support\msvc\jai.natvis" />
<None Include="C:\jai\modules\freetype-2.12.1\module.jai" >
  <Filter>modules\freetype-2.12.1</Filter>
</None>
<None Include="C:\jai\modules\freetype-2.12.1\windows.jai" >
  <Filter>modules\freetype-2.12.1</Filter>
</None>
<None Include="C:\jai\modules\stb_image\bindings.jai" >
  <Filter>modules\stb_image</Filter>
</None>
<None Include="C:\jai\modules\stb_image\module.jai" >
  <Filter>modules\stb_image</Filter>
</None>
<None Include="C:\jai\modules\stb_image_resize\bindings.jai" >
  <Filter>modules\stb_image_resize</Filter>
</None>
<None Include="C:\jai\modules\stb_image_resize\module.jai" >
  <Filter>modules\stb_image_resize</Filter>
</None>
<None Include="C:\jai\modules\stb_image_write\bindings.jai" >
  <Filter>modules\stb_image_write</Filter>
</None>
<None Include="C:\jai\modules\stb_image_write\module.jai" >
  <Filter>modules\stb_image_write</Filter>
</None>
<None Include="src\buffer.jai" >
  <Filter>src</Filter>
</None>
<None Include="src\code_inspect.jai" >
  <Filter>src</Filter>
</None>
<None Include="src\cursor.jai" >
  <Filter>src</Filter>
</None>
<None Include="src\draw.jai" >
  <Filter>src</Filter>
</None>
<None Include="src\editor.jai" >
  <Filter>src</Filter>
</None>
<None Include="src\keymap.jai" >
  <Filter>src</Filter>
</None>
<None Include="src\main.jai" >
  <Filter>src</Filter>
</None>
<None Include="src\render.jai" >
  <Filter>src</Filter>
</None>
</ItemGroup>
<ItemGroup>
<Filter Include="modules"/>
<Filter Include="modules\Basic"/>
<Filter Include="modules\Clipboard"/>
<Filter Include="modules\Compiler"/>
<Filter Include="modules\Default_Allocator"/>
<Filter Include="modules\File"/>
<Filter Include="modules\GL"/>
<Filter Include="modules\Gamepad"/>
<Filter Include="modules\GetRect"/>
<Filter Include="modules\GetRect\system"/>
<Filter Include="modules\GetRect\widgets"/>
<Filter Include="modules\Input"/>
<Filter Include="modules\Keymap"/>
<Filter Include="modules\Math"/>
<Filter Include="modules\Simp\backend"/>
<Filter Include="modules\Simp"/>
<Filter Include="modules\String"/>
<Filter Include="modules\Text_File_Handler"/>
<Filter Include="modules\Thread"/>
<Filter Include="modules\Window_Creation"/>
<Filter Include="modules\freetype-2.12.1"/>
<Filter Include="modules\stb_image"/>
<Filter Include="modules\stb_image_resize"/>
<Filter Include="modules\stb_image_write"/>
<Filter Include="src"/>
</ItemGroup>
</Project>
